
Microsoft Visual Studio Solution File, Format Version 11.00
# Visual Studio 2010
Project("{FAE04EC0-301F-11D3-BF4B-00C04F79EFBC}") = "SuperAwesomeMegaBallGame", "Assembly-CSharp.csproj", "{6E3DF7E1-88A3-3D17-4C12-9A385AB6C227}"
EndProject
Project("{FAE04EC0-301F-11D3-BF4B-00C04F79EFBC}") = "SuperAwesomeMegaBallGame", "Assembly-CSharp-Editor.csproj", "{1E38665E-9C7C-F42D-D155-20A2EA51D838}"
EndProject
Global
	GlobalSection(SolutionConfigurationPlatforms) = preSolution
		Debug|Any CPU = Debug|Any CPU
		Release|Any CPU = Release|Any CPU
	EndGlobalSection
	GlobalSection(ProjectConfigurationPlatforms) = postSolution
		{6E3DF7E1-88A3-3D17-4C12-9A385AB6C227}.Debug|Any CPU.ActiveCfg = Debug|Any CPU
		{6E3DF7E1-88A3-3D17-4C12-9A385AB6C227}.Debug|Any CPU.Build.0 = Debug|Any CPU
		{6E3DF7E1-88A3-3D17-4C12-9A385AB6C227}.Release|Any CPU.ActiveCfg = Release|Any CPU
		{6E3DF7E1-88A3-3D17-4C12-9A385AB6C227}.Release|Any CPU.Build.0 = Release|Any CPU
		{1E38665E-9C7C-F42D-D155-20A2EA51D838}.Debug|Any CPU.ActiveCfg = Debug|Any CPU
		{1E38665E-9C7C-F42D-D155-20A2EA51D838}.Debug|Any CPU.Build.0 = Debug|Any CPU
		{1E38665E-9C7C-F42D-D155-20A2EA51D838}.Release|Any CPU.ActiveCfg = Release|Any CPU
		{1E38665E-9C7C-F42D-D155-20A2EA51D838}.Release|Any CPU.Build.0 = Release|Any CPU
	EndGlobalSection
	GlobalSection(SolutionProperties) = preSolution
		HideSolutionNode = FALSE
	EndGlobalSection
	GlobalSection(MonoDevelopProperties) = preSolution
		StartupItem = Assembly-CSharp.csproj
	EndGlobalSection
EndGlobal
